// !$*UTF8*$!
{
	archiveVersion = 1;
	classes = {
	};
	objectVersion = 46;
	objects = {

/* Begin PBXBuildFile section */
		34214C4D1D15A513006205EA /* main.m in Sources */ = {isa = PBXBuildFile; fileRef = 34214C4C1D15A513006205EA /* main.m */; };
		34214C531D15A513006205EA /* ViewController.m in Sources */ = {isa = PBXBuildFile; fileRef = 34214C521D15A513006205EA /* ViewController.m */; };
		34214C561D15A513006205EA /* Main.storyboard in Resources */ = {isa = PBXBuildFile; fileRef = 34214C541D15A513006205EA /* Main.storyboard */; };
		34214C581D15A513006205EA /* Assets.xcassets in Resources */ = {isa = PBXBuildFile; fileRef = 34214C571D15A513006205EA /* Assets.xcassets */; };
		34214C5B1D15A513006205EA /* LaunchScreen.storyboard in Resources */ = {isa = PBXBuildFile; fileRef = 34214C591D15A513006205EA /* LaunchScreen.storyboard */; };
		34214C661D15A513006205EA /* WjyTestClassDemoTests.m in Sources */ = {isa = PBXBuildFile; fileRef = 34214C651D15A513006205EA /* WjyTestClassDemoTests.m */; };
		34214C711D15A513006205EA /* WjyTestClassDemoUITests.m in Sources */ = {isa = PBXBuildFile; fileRef = 34214C701D15A513006205EA /* WjyTestClassDemoUITests.m */; };
		346E2CA11D19333300D83BCF /* AppDelegate.m in Sources */ = {isa = PBXBuildFile; fileRef = 346E2CA01D19333300D83BCF /* AppDelegate.m */; settings = {ASSET_TAGS = (); }; };
		34A1C36D1D338D5500D88DED /* CYLPlusButton.m in Sources */ = {isa = PBXBuildFile; fileRef = 34A1C3631D338D5500D88DED /* CYLPlusButton.m */; settings = {ASSET_TAGS = (); }; };
		34A1C36E1D338D5500D88DED /* CYLTabBar.m in Sources */ = {isa = PBXBuildFile; fileRef = 34A1C3651D338D5500D88DED /* CYLTabBar.m */; settings = {ASSET_TAGS = (); }; };
		34A1C36F1D338D5500D88DED /* CYLTabBarController.m in Sources */ = {isa = PBXBuildFile; fileRef = 34A1C3671D338D5500D88DED /* CYLTabBarController.m */; settings = {ASSET_TAGS = (); }; };
		34A1C3701D338D5500D88DED /* UIViewController+CYLTabBarControllerExtention.m in Sources */ = {isa = PBXBuildFile; fileRef = 34A1C3691D338D5500D88DED /* UIViewController+CYLTabBarControllerExtention.m */; settings = {ASSET_TAGS = (); }; };
		34A1C3711D338D5500D88DED /* Routable.m in Sources */ = {isa = PBXBuildFile; fileRef = 34A1C36C1D338D5500D88DED /* Routable.m */; settings = {ASSET_TAGS = (); }; };
		34A1C3751D338F1800D88DED /* AViewController.m in Sources */ = {isa = PBXBuildFile; fileRef = 34A1C3741D338F1800D88DED /* AViewController.m */; settings = {ASSET_TAGS = (); }; };
		34A1C3781D338F2B00D88DED /* BViewController.m in Sources */ = {isa = PBXBuildFile; fileRef = 34A1C3771D338F2B00D88DED /* BViewController.m */; settings = {ASSET_TAGS = (); }; };
		34A1C37B1D338F3C00D88DED /* CViewController.m in Sources */ = {isa = PBXBuildFile; fileRef = 34A1C37A1D338F3C00D88DED /* CViewController.m */; settings = {ASSET_TAGS = (); }; };
		34A1C37E1D338F4B00D88DED /* DViewController.m in Sources */ = {isa = PBXBuildFile; fileRef = 34A1C37D1D338F4B00D88DED /* DViewController.m */; settings = {ASSET_TAGS = (); }; };
		34A1C3811D338F8A00D88DED /* MPHomeViewController.m in Sources */ = {isa = PBXBuildFile; fileRef = 34A1C3801D338F8A00D88DED /* MPHomeViewController.m */; settings = {ASSET_TAGS = (); }; };
		34A1C3831D33906100D88DED /* Public.xcassets in Resources */ = {isa = PBXBuildFile; fileRef = 34A1C3821D33906100D88DED /* Public.xcassets */; settings = {ASSET_TAGS = (); }; };
		34A1C3861D33913300D88DED /* EViewController.m in Sources */ = {isa = PBXBuildFile; fileRef = 34A1C3851D33913300D88DED /* EViewController.m */; settings = {ASSET_TAGS = (); }; };
		34A1C3891D33919700D88DED /* MPBaseNavigationController.m in Sources */ = {isa = PBXBuildFile; fileRef = 34A1C3881D33919700D88DED /* MPBaseNavigationController.m */; settings = {ASSET_TAGS = (); }; };
		34A1C38B1D33938600D88DED /* XAspect-RoutableAppDelegate.m in Sources */ = {isa = PBXBuildFile; fileRef = 34A1C38A1D33938600D88DED /* XAspect-RoutableAppDelegate.m */; settings = {ASSET_TAGS = (); }; };
		34A1C38E1D33952800D88DED /* detailsViewController.m in Sources */ = {isa = PBXBuildFile; fileRef = 34A1C38D1D33952800D88DED /* detailsViewController.m */; settings = {ASSET_TAGS = (); }; };
		34A1C3911D33A07D00D88DED /* jiaViewController.m in Sources */ = {isa = PBXBuildFile; fileRef = 34A1C3901D33A07D00D88DED /* jiaViewController.m */; settings = {ASSET_TAGS = (); }; };
		F3739514C961ADD1149CFD51 /* libPods.a in Frameworks */ = {isa = PBXBuildFile; fileRef = E472C2CC74434ABBDF0E4BAE /* libPods.a */; };
/* End PBXBuildFile section */

/* Begin PBXContainerItemProxy section */
		34214C621D15A513006205EA /* PBXContainerItemProxy */ = {
			isa = PBXContainerItemProxy;
			containerPortal = 34214C401D15A513006205EA /* Project object */;
			proxyType = 1;
			remoteGlobalIDString = 34214C471D15A513006205EA;
			remoteInfo = WjyTestClassDemo;
		};
		34214C6D1D15A513006205EA /* PBXContainerItemProxy */ = {
			isa = PBXContainerItemProxy;
			containerPortal = 34214C401D15A513006205EA /* Project object */;
			proxyType = 1;
			remoteGlobalIDString = 34214C471D15A513006205EA;
			remoteInfo = WjyTestClassDemo;
		};
/* End PBXContainerItemProxy section */

/* Begin PBXFileReference section */
		008F4F1679E2E541F92F5994 /* Pods.release.xcconfig */ = {isa = PBXFileReference; includeInIndex = 1; lastKnownFileType = text.xcconfig; name = Pods.release.xcconfig; path = "Pods/Target Support Files/Pods/Pods.release.xcconfig"; sourceTree = "<group>"; };
		330EC01A3F5BBA605087B637 /* Pods.debug.xcconfig */ = {isa = PBXFileReference; includeInIndex = 1; lastKnownFileType = text.xcconfig; name = Pods.debug.xcconfig; path = "Pods/Target Support Files/Pods/Pods.debug.xcconfig"; sourceTree = "<group>"; };
		34214C481D15A513006205EA /* WjyTestClassDemo.app */ = {isa = PBXFileReference; explicitFileType = wrapper.application; includeInIndex = 0; path = WjyTestClassDemo.app; sourceTree = BUILT_PRODUCTS_DIR; };
		34214C4C1D15A513006205EA /* main.m */ = {isa = PBXFileReference; lastKnownFileType = sourcecode.c.objc; path = main.m; sourceTree = "<group>"; };
		34214C511D15A513006205EA /* ViewController.h */ = {isa = PBXFileReference; lastKnownFileType = sourcecode.c.h; path = ViewController.h; sourceTree = "<group>"; };
		34214C521D15A513006205EA /* ViewController.m */ = {isa = PBXFileReference; lastKnownFileType = sourcecode.c.objc; path = ViewController.m; sourceTree = "<group>"; };
		34214C551D15A513006205EA /* Base */ = {isa = PBXFileReference; lastKnownFileType = file.storyboard; name = Base; path = Base.lproj/Main.storyboard; sourceTree = "<group>"; };
		34214C571D15A513006205EA /* Assets.xcassets */ = {isa = PBXFileReference; lastKnownFileType = folder.assetcatalog; path = Assets.xcassets; sourceTree = "<group>"; };
		34214C5A1D15A513006205EA /* Base */ = {isa = PBXFileReference; lastKnownFileType = file.storyboard; name = Base; path = Base.lproj/LaunchScreen.storyboard; sourceTree = "<group>"; };
		34214C5C1D15A513006205EA /* Info.plist */ = {isa = PBXFileReference; lastKnownFileType = text.plist.xml; path = Info.plist; sourceTree = "<group>"; };
		34214C611D15A513006205EA /* WjyTestClassDemoTests.xctest */ = {isa = PBXFileReference; explicitFileType = wrapper.cfbundle; includeInIndex = 0; path = WjyTestClassDemoTests.xctest; sourceTree = BUILT_PRODUCTS_DIR; };
		34214C651D15A513006205EA /* WjyTestClassDemoTests.m */ = {isa = PBXFileReference; lastKnownFileType = sourcecode.c.objc; path = WjyTestClassDemoTests.m; sourceTree = "<group>"; };
		34214C671D15A513006205EA /* Info.plist */ = {isa = PBXFileReference; lastKnownFileType = text.plist.xml; path = Info.plist; sourceTree = "<group>"; };
		34214C6C1D15A513006205EA /* WjyTestClassDemoUITests.xctest */ = {isa = PBXFileReference; explicitFileType = wrapper.cfbundle; includeInIndex = 0; path = WjyTestClassDemoUITests.xctest; sourceTree = BUILT_PRODUCTS_DIR; };
		34214C701D15A513006205EA /* WjyTestClassDemoUITests.m */ = {isa = PBXFileReference; lastKnownFileType = sourcecode.c.objc; path = WjyTestClassDemoUITests.m; sourceTree = "<group>"; };
		34214C721D15A513006205EA /* Info.plist */ = {isa = PBXFileReference; lastKnownFileType = text.plist.xml; path = Info.plist; sourceTree = "<group>"; };
		346E2C9F1D19333300D83BCF /* AppDelegate.h */ = {isa = PBXFileReference; fileEncoding = 4; lastKnownFileType = sourcecode.c.h; path = AppDelegate.h; sourceTree = "<group>"; };
		346E2CA01D19333300D83BCF /* AppDelegate.m */ = {isa = PBXFileReference; fileEncoding = 4; lastKnownFileType = sourcecode.c.objc; path = AppDelegate.m; sourceTree = "<group>"; };
		34A1C3621D338D5500D88DED /* CYLPlusButton.h */ = {isa = PBXFileReference; fileEncoding = 4; lastKnownFileType = sourcecode.c.h; path = CYLPlusButton.h; sourceTree = "<group>"; };
		34A1C3631D338D5500D88DED /* CYLPlusButton.m */ = {isa = PBXFileReference; fileEncoding = 4; lastKnownFileType = sourcecode.c.objc; path = CYLPlusButton.m; sourceTree = "<group>"; };
		34A1C3641D338D5500D88DED /* CYLTabBar.h */ = {isa = PBXFileReference; fileEncoding = 4; lastKnownFileType = sourcecode.c.h; path = CYLTabBar.h; sourceTree = "<group>"; };
		34A1C3651D338D5500D88DED /* CYLTabBar.m */ = {isa = PBXFileReference; fileEncoding = 4; lastKnownFileType = sourcecode.c.objc; path = CYLTabBar.m; sourceTree = "<group>"; };
		34A1C3661D338D5500D88DED /* CYLTabBarController.h */ = {isa = PBXFileReference; fileEncoding = 4; lastKnownFileType = sourcecode.c.h; path = CYLTabBarController.h; sourceTree = "<group>"; };
		34A1C3671D338D5500D88DED /* CYLTabBarController.m */ = {isa = PBXFileReference; fileEncoding = 4; lastKnownFileType = sourcecode.c.objc; path = CYLTabBarController.m; sourceTree = "<group>"; };
		34A1C3681D338D5500D88DED /* UIViewController+CYLTabBarControllerExtention.h */ = {isa = PBXFileReference; fileEncoding = 4; lastKnownFileType = sourcecode.c.h; path = "UIViewController+CYLTabBarControllerExtention.h"; sourceTree = "<group>"; };
		34A1C3691D338D5500D88DED /* UIViewController+CYLTabBarControllerExtention.m */ = {isa = PBXFileReference; fileEncoding = 4; lastKnownFileType = sourcecode.c.objc; path = "UIViewController+CYLTabBarControllerExtention.m"; sourceTree = "<group>"; };
		34A1C36B1D338D5500D88DED /* Routable.h */ = {isa = PBXFileReference; fileEncoding = 4; lastKnownFileType = sourcecode.c.h; path = Routable.h; sourceTree = "<group>"; };
		34A1C36C1D338D5500D88DED /* Routable.m */ = {isa = PBXFileReference; fileEncoding = 4; lastKnownFileType = sourcecode.c.objc; path = Routable.m; sourceTree = "<group>"; };
		34A1C3731D338F1800D88DED /* AViewController.h */ = {isa = PBXFileReference; fileEncoding = 4; lastKnownFileType = sourcecode.c.h; path = AViewController.h; sourceTree = "<group>"; };
		34A1C3741D338F1800D88DED /* AViewController.m */ = {isa = PBXFileReference; fileEncoding = 4; lastKnownFileType = sourcecode.c.objc; path = AViewController.m; sourceTree = "<group>"; };
		34A1C3761D338F2B00D88DED /* BViewController.h */ = {isa = PBXFileReference; fileEncoding = 4; lastKnownFileType = sourcecode.c.h; path = BViewController.h; sourceTree = "<group>"; };
		34A1C3771D338F2B00D88DED /* BViewController.m */ = {isa = PBXFileReference; fileEncoding = 4; lastKnownFileType = sourcecode.c.objc; path = BViewController.m; sourceTree = "<group>"; };
		34A1C3791D338F3C00D88DED /* CViewController.h */ = {isa = PBXFileReference; fileEncoding = 4; lastKnownFileType = sourcecode.c.h; path = CViewController.h; sourceTree = "<group>"; };
		34A1C37A1D338F3C00D88DED /* CViewController.m */ = {isa = PBXFileReference; fileEncoding = 4; lastKnownFileType = sourcecode.c.objc; path = CViewController.m; sourceTree = "<group>"; };
		34A1C37C1D338F4B00D88DED /* DViewController.h */ = {isa = PBXFileReference; fileEncoding = 4; lastKnownFileType = sourcecode.c.h; path = DViewController.h; sourceTree = "<group>"; };
		34A1C37D1D338F4B00D88DED /* DViewController.m */ = {isa = PBXFileReference; fileEncoding = 4; lastKnownFileType = sourcecode.c.objc; path = DViewController.m; sourceTree = "<group>"; };
		34A1C37F1D338F8A00D88DED /* MPHomeViewController.h */ = {isa = PBXFileReference; fileEncoding = 4; lastKnownFileType = sourcecode.c.h; path = MPHomeViewController.h; sourceTree = "<group>"; };
		34A1C3801D338F8A00D88DED /* MPHomeViewController.m */ = {isa = PBXFileReference; fileEncoding = 4; lastKnownFileType = sourcecode.c.objc; path = MPHomeViewController.m; sourceTree = "<group>"; };
		34A1C3821D33906100D88DED /* Public.xcassets */ = {isa = PBXFileReference; lastKnownFileType = folder.assetcatalog; path = Public.xcassets; sourceTree = "<group>"; };
		34A1C3841D33913300D88DED /* EViewController.h */ = {isa = PBXFileReference; fileEncoding = 4; lastKnownFileType = sourcecode.c.h; path = EViewController.h; sourceTree = "<group>"; };
		34A1C3851D33913300D88DED /* EViewController.m */ = {isa = PBXFileReference; fileEncoding = 4; lastKnownFileType = sourcecode.c.objc; path = EViewController.m; sourceTree = "<group>"; };
		34A1C3871D33919700D88DED /* MPBaseNavigationController.h */ = {isa = PBXFileReference; fileEncoding = 4; lastKnownFileType = sourcecode.c.h; path = MPBaseNavigationController.h; sourceTree = "<group>"; };
		34A1C3881D33919700D88DED /* MPBaseNavigationController.m */ = {isa = PBXFileReference; fileEncoding = 4; lastKnownFileType = sourcecode.c.objc; path = MPBaseNavigationController.m; sourceTree = "<group>"; };
		34A1C38A1D33938600D88DED /* XAspect-RoutableAppDelegate.m */ = {isa = PBXFileReference; fileEncoding = 4; lastKnownFileType = sourcecode.c.objc; path = "XAspect-RoutableAppDelegate.m"; sourceTree = "<group>"; };
		34A1C38C1D33952800D88DED /* detailsViewController.h */ = {isa = PBXFileReference; fileEncoding = 4; lastKnownFileType = sourcecode.c.h; path = detailsViewController.h; sourceTree = "<group>"; };
		34A1C38D1D33952800D88DED /* detailsViewController.m */ = {isa = PBXFileReference; fileEncoding = 4; lastKnownFileType = sourcecode.c.objc; path = detailsViewController.m; sourceTree = "<group>"; };
		34A1C38F1D33A07D00D88DED /* jiaViewController.h */ = {isa = PBXFileReference; fileEncoding = 4; lastKnownFileType = sourcecode.c.h; path = jiaViewController.h; sourceTree = "<group>"; };
		34A1C3901D33A07D00D88DED /* jiaViewController.m */ = {isa = PBXFileReference; fileEncoding = 4; lastKnownFileType = sourcecode.c.objc; path = jiaViewController.m; sourceTree = "<group>"; };
		E472C2CC74434ABBDF0E4BAE /* libPods.a */ = {isa = PBXFileReference; explicitFileType = archive.ar; includeInIndex = 0; path = libPods.a; sourceTree = BUILT_PRODUCTS_DIR; };
/* End PBXFileReference section */

/* Begin PBXFrameworksBuildPhase section */
		34214C451D15A513006205EA /* Frameworks */ = {
			isa = PBXFrameworksBuildPhase;
			buildActionMask = 2147483647;
			files = (
				F3739514C961ADD1149CFD51 /* libPods.a in Frameworks */,
			);
			runOnlyForDeploymentPostprocessing = 0;
		};
		34214C5E1D15A513006205EA /* Frameworks */ = {
			isa = PBXFrameworksBuildPhase;
			buildActionMask = 2147483647;
			files = (
			);
			runOnlyForDeploymentPostprocessing = 0;
		};
		34214C691D15A513006205EA /* Frameworks */ = {
			isa = PBXFrameworksBuildPhase;
			buildActionMask = 2147483647;
			files = (
			);
			runOnlyForDeploymentPostprocessing = 0;
		};
/* End PBXFrameworksBuildPhase section */

/* Begin PBXGroup section */
		273B97FB4EFF37D48E3643A6 /* Pods */ = {
			isa = PBXGroup;
			children = (
				330EC01A3F5BBA605087B637 /* Pods.debug.xcconfig */,
				008F4F1679E2E541F92F5994 /* Pods.release.xcconfig */,
			);
			name = Pods;
			sourceTree = "<group>";
		};
		34214C3F1D15A513006205EA = {
			isa = PBXGroup;
			children = (
				34214C4A1D15A513006205EA /* WjyTestClassDemo */,
				34214C641D15A513006205EA /* WjyTestClassDemoTests */,
				34214C6F1D15A513006205EA /* WjyTestClassDemoUITests */,
				34214C491D15A513006205EA /* Products */,
				273B97FB4EFF37D48E3643A6 /* Pods */,
				4924119A1036F2C4479E4026 /* Frameworks */,
			);
			sourceTree = "<group>";
		};
		34214C491D15A513006205EA /* Products */ = {
			isa = PBXGroup;
			children = (
				34214C481D15A513006205EA /* WjyTestClassDemo.app */,
				34214C611D15A513006205EA /* WjyTestClassDemoTests.xctest */,
				34214C6C1D15A513006205EA /* WjyTestClassDemoUITests.xctest */,
			);
			name = Products;
			sourceTree = "<group>";
		};
		34214C4A1D15A513006205EA /* WjyTestClassDemo */ = {
			isa = PBXGroup;
			children = (
				34A1C3821D33906100D88DED /* Public.xcassets */,
				34A1C3721D338EEE00D88DED /* ViewController */,
				34A1C3601D3389C100D88DED /* Vender */,
				346E2C9F1D19333300D83BCF /* AppDelegate.h */,
				346E2CA01D19333300D83BCF /* AppDelegate.m */,
				34214C511D15A513006205EA /* ViewController.h */,
				34214C521D15A513006205EA /* ViewController.m */,
				34214C541D15A513006205EA /* Main.storyboard */,
				34214C571D15A513006205EA /* Assets.xcassets */,
				34214C591D15A513006205EA /* LaunchScreen.storyboard */,
				34214C5C1D15A513006205EA /* Info.plist */,
				34214C4B1D15A513006205EA /* Supporting Files */,
				34A1C38A1D33938600D88DED /* XAspect-RoutableAppDelegate.m */,
			);
			path = WjyTestClassDemo;
			sourceTree = "<group>";
		};
		34214C4B1D15A513006205EA /* Supporting Files */ = {
			isa = PBXGroup;
			children = (
				34214C4C1D15A513006205EA /* main.m */,
			);
			name = "Supporting Files";
			sourceTree = "<group>";
		};
		34214C641D15A513006205EA /* WjyTestClassDemoTests */ = {
			isa = PBXGroup;
			children = (
				34214C651D15A513006205EA /* WjyTestClassDemoTests.m */,
				34214C671D15A513006205EA /* Info.plist */,
			);
			path = WjyTestClassDemoTests;
			sourceTree = "<group>";
		};
		34214C6F1D15A513006205EA /* WjyTestClassDemoUITests */ = {
			isa = PBXGroup;
			children = (
				34214C701D15A513006205EA /* WjyTestClassDemoUITests.m */,
				34214C721D15A513006205EA /* Info.plist */,
			);
			path = WjyTestClassDemoUITests;
			sourceTree = "<group>";
		};
		34A1C3601D3389C100D88DED /* Vender */ = {
			isa = PBXGroup;
			children = (
				34A1C3611D338D5500D88DED /* CYLTabBarController */,
				34A1C36A1D338D5500D88DED /* Routable */,
			);
			path = Vender;
			sourceTree = "<group>";
		};
		34A1C3611D338D5500D88DED /* CYLTabBarController */ = {
			isa = PBXGroup;
			children = (
				34A1C3621D338D5500D88DED /* CYLPlusButton.h */,
				34A1C3631D338D5500D88DED /* CYLPlusButton.m */,
				34A1C3641D338D5500D88DED /* CYLTabBar.h */,
				34A1C3651D338D5500D88DED /* CYLTabBar.m */,
				34A1C3661D338D5500D88DED /* CYLTabBarController.h */,
				34A1C3671D338D5500D88DED /* CYLTabBarController.m */,
				34A1C3681D338D5500D88DED /* UIViewController+CYLTabBarControllerExtention.h */,
				34A1C3691D338D5500D88DED /* UIViewController+CYLTabBarControllerExtention.m */,
			);
			path = CYLTabBarController;
			sourceTree = "<group>";
		};
		34A1C36A1D338D5500D88DED /* Routable */ = {
			isa = PBXGroup;
			children = (
				34A1C36B1D338D5500D88DED /* Routable.h */,
				34A1C36C1D338D5500D88DED /* Routable.m */,
			);
			path = Routable;
			sourceTree = "<group>";
		};
		34A1C3721D338EEE00D88DED /* ViewController */ = {
			isa = PBXGroup;
			children = (
				34A1C3731D338F1800D88DED /* AViewController.h */,
				34A1C3741D338F1800D88DED /* AViewController.m */,
				34A1C38C1D33952800D88DED /* detailsViewController.h */,
				34A1C38D1D33952800D88DED /* detailsViewController.m */,
				34A1C3761D338F2B00D88DED /* BViewController.h */,
				34A1C3771D338F2B00D88DED /* BViewController.m */,
				34A1C3791D338F3C00D88DED /* CViewController.h */,
				34A1C37A1D338F3C00D88DED /* CViewController.m */,
				34A1C37C1D338F4B00D88DED /* DViewController.h */,
				34A1C37D1D338F4B00D88DED /* DViewController.m */,
				34A1C3841D33913300D88DED /* EViewController.h */,
				34A1C3851D33913300D88DED /* EViewController.m */,
				34A1C37F1D338F8A00D88DED /* MPHomeViewController.h */,
				34A1C3801D338F8A00D88DED /* MPHomeViewController.m */,
				34A1C3871D33919700D88DED /* MPBaseNavigationController.h */,
				34A1C3881D33919700D88DED /* MPBaseNavigationController.m */,
				34A1C38F1D33A07D00D88DED /* jiaViewController.h */,
				34A1C3901D33A07D00D88DED /* jiaViewController.m */,
			);
			path = ViewController;
			sourceTree = "<group>";
		};
		4924119A1036F2C4479E4026 /* Frameworks */ = {
			isa = PBXGroup;
			children = (
				E472C2CC74434ABBDF0E4BAE /* libPods.a */,
			);
			name = Frameworks;
			sourceTree = "<group>";
		};
/* End PBXGroup section */

/* Begin PBXNativeTarget section */
		34214C471D15A513006205EA /* WjyTestClassDemo */ = {
			isa = PBXNativeTarget;
			buildConfigurationList = 34214C751D15A513006205EA /* Build configuration list for PBXNativeTarget "WjyTestClassDemo" */;
			buildPhases = (
				69D9B0E3F2FE5C754BDF444B /* Check Pods Manifest.lock */,
				34214C441D15A513006205EA /* Sources */,
				34214C451D15A513006205EA /* Frameworks */,
				34214C461D15A513006205EA /* Resources */,
				2571B778DF0279379B1E5263 /* Embed Pods Frameworks */,
				A634E310D8A68C63DA301689 /* Copy Pods Resources */,
			);
			buildRules = (
			);
			dependencies = (
			);
			name = WjyTestClassDemo;
			productName = WjyTestClassDemo;
			productReference = 34214C481D15A513006205EA /* WjyTestClassDemo.app */;
			productType = "com.apple.product-type.application";
		};
		34214C601D15A513006205EA /* WjyTestClassDemoTests */ = {
			isa = PBXNativeTarget;
			buildConfigurationList = 34214C781D15A513006205EA /* Build configuration list for PBXNativeTarget "WjyTestClassDemoTests" */;
			buildPhases = (
				34214C5D1D15A513006205EA /* Sources */,
				34214C5E1D15A513006205EA /* Frameworks */,
				34214C5F1D15A513006205EA /* Resources */,
			);
			buildRules = (
			);
			dependencies = (
				34214C631D15A513006205EA /* PBXTargetDependency */,
			);
			name = WjyTestClassDemoTests;
			productName = WjyTestClassDemoTests;
			productReference = 34214C611D15A513006205EA /* WjyTestClassDemoTests.xctest */;
			productType = "com.apple.product-type.bundle.unit-test";
		};
		34214C6B1D15A513006205EA /* WjyTestClassDemoUITests */ = {
			isa = PBXNativeTarget;
			buildConfigurationList = 34214C7B1D15A513006205EA /* Build configuration list for PBXNativeTarget "WjyTestClassDemoUITests" */;
			buildPhases = (
				34214C681D15A513006205EA /* Sources */,
				34214C691D15A513006205EA /* Frameworks */,
				34214C6A1D15A513006205EA /* Resources */,
			);
			buildRules = (
			);
			dependencies = (
				34214C6E1D15A513006205EA /* PBXTargetDependency */,
			);
			name = WjyTestClassDemoUITests;
			productName = WjyTestClassDemoUITests;
			productReference = 34214C6C1D15A513006205EA /* WjyTestClassDemoUITests.xctest */;
			productType = "com.apple.product-type.bundle.ui-testing";
		};
/* End PBXNativeTarget section */

/* Begin PBXProject section */
		34214C401D15A513006205EA /* Project object */ = {
			isa = PBXProject;
			attributes = {
				LastUpgradeCheck = 0700;
				ORGANIZATIONNAME = wujunyang;
				TargetAttributes = {
					34214C471D15A513006205EA = {
						CreatedOnToolsVersion = 7.0;
						SystemCapabilities = {
							com.apple.BackgroundModes = {
								enabled = 1;
							};
						};
					};
					34214C601D15A513006205EA = {
						CreatedOnToolsVersion = 7.0;
						TestTargetID = 34214C471D15A513006205EA;
					};
					34214C6B1D15A513006205EA = {
						CreatedOnToolsVersion = 7.0;
						TestTargetID = 34214C471D15A513006205EA;
					};
				};
			};
			buildConfigurationList = 34214C431D15A513006205EA /* Build configuration list for PBXProject "WjyTestClassDemo" */;
			compatibilityVersion = "Xcode 3.2";
			developmentRegion = English;
			hasScannedForEncodings = 0;
			knownRegions = (
				en,
				Base,
			);
			mainGroup = 34214C3F1D15A513006205EA;
			productRefGroup = 34214C491D15A513006205EA /* Products */;
			projectDirPath = "";
			projectRoot = "";
			targets = (
				34214C471D15A513006205EA /* WjyTestClassDemo */,
				34214C601D15A513006205EA /* WjyTestClassDemoTests */,
				34214C6B1D15A513006205EA /* WjyTestClassDemoUITests */,
			);
		};
/* End PBXProject section */

/* Begin PBXResourcesBuildPhase section */
		34214C461D15A513006205EA /* Resources */ = {
			isa = PBXResourcesBuildPhase;
			buildActionMask = 2147483647;
			files = (
				34214C5B1D15A513006205EA /* LaunchScreen.storyboard in Resources */,
				34214C581D15A513006205EA /* Assets.xcassets in Resources */,
				34A1C3831D33906100D88DED /* Public.xcassets in Resources */,
				34214C561D15A513006205EA /* Main.storyboard in Resources */,
			);
			runOnlyForDeploymentPostprocessing = 0;
		};
		34214C5F1D15A513006205EA /* Resources */ = {
			isa = PBXResourcesBuildPhase;
			buildActionMask = 2147483647;
			files = (
			);
			runOnlyForDeploymentPostprocessing = 0;
		};
		34214C6A1D15A513006205EA /* Resources */ = {
			isa = PBXResourcesBuildPhase;
			buildActionMask = 2147483647;
			files = (
			);
			runOnlyForDeploymentPostprocessing = 0;
		};
/* End PBXResourcesBuildPhase section */

/* Begin PBXShellScriptBuildPhase section */
		2571B778DF0279379B1E5263 /* Embed Pods Frameworks */ = {
			isa = PBXShellScriptBuildPhase;
			buildActionMask = 2147483647;
			files = (
			);
			inputPaths = (
			);
			name = "Embed Pods Frameworks";
			outputPaths = (
			);
			runOnlyForDeploymentPostprocessing = 0;
			shellPath = /bin/sh;
			shellScript = "\"${SRCROOT}/Pods/Target Support Files/Pods/Pods-frameworks.sh\"\n";
			showEnvVarsInLog = 0;
		};
		69D9B0E3F2FE5C754BDF444B /* Check Pods Manifest.lock */ = {
			isa = PBXShellScriptBuildPhase;
			buildActionMask = 2147483647;
			files = (
			);
			inputPaths = (
			);
			name = "Check Pods Manifest.lock";
			outputPaths = (
			);
			runOnlyForDeploymentPostprocessing = 0;
			shellPath = /bin/sh;
			shellScript = "diff \"${PODS_ROOT}/../Podfile.lock\" \"${PODS_ROOT}/Manifest.lock\" > /dev/null\nif [[ $? != 0 ]] ; then\n    cat << EOM\nerror: The sandbox is not in sync with the Podfile.lock. Run 'pod install' or update your CocoaPods installation.\nEOM\n    exit 1\nfi\n";
			showEnvVarsInLog = 0;
		};
		A634E310D8A68C63DA301689 /* Copy Pods Resources */ = {
			isa = PBXShellScriptBuildPhase;
			buildActionMask = 2147483647;
			files = (
			);
			inputPaths = (
			);
			name = "Copy Pods Resources";
			outputPaths = (
			);
			runOnlyForDeploymentPostprocessing = 0;
			shellPath = /bin/sh;
			shellScript = "\"${SRCROOT}/Pods/Target Support Files/Pods/Pods-resources.sh\"\n";
			showEnvVarsInLog = 0;
		};
/* End PBXShellScriptBuildPhase section */

/* Begin PBXSourcesBuildPhase section */
		34214C441D15A513006205EA /* Sources */ = {
			isa = PBXSourcesBuildPhase;
			buildActionMask = 2147483647;
			files = (
				34214C531D15A513006205EA /* ViewController.m in Sources */,
				34A1C3911D33A07D00D88DED /* jiaViewController.m in Sources */,
				34214C4D1D15A513006205EA /* main.m in Sources */,
				34A1C38E1D33952800D88DED /* detailsViewController.m in Sources */,
				34A1C36F1D338D5500D88DED /* CYLTabBarController.m in Sources */,
				34A1C37E1D338F4B00D88DED /* DViewController.m in Sources */,
				34A1C3861D33913300D88DED /* EViewController.m in Sources */,
				34A1C3811D338F8A00D88DED /* MPHomeViewController.m in Sources */,
				34A1C3781D338F2B00D88DED /* BViewController.m in Sources */,
				34A1C38B1D33938600D88DED /* XAspect-RoutableAppDelegate.m in Sources */,
				34A1C3711D338D5500D88DED /* Routable.m in Sources */,
				34A1C3891D33919700D88DED /* MPBaseNavigationController.m in Sources */,
				34A1C36D1D338D5500D88DED /* CYLPlusButton.m in Sources */,
				34A1C36E1D338D5500D88DED /* CYLTabBar.m in Sources */,
				34A1C3751D338F1800D88DED /* AViewController.m in Sources */,
				34A1C37B1D338F3C00D88DED /* CViewController.m in Sources */,
				34A1C3701D338D5500D88DED /* UIViewController+CYLTabBarControllerExtention.m in Sources */,
				346E2CA11D19333300D83BCF /* AppDelegate.m in Sources */,
			);
			runOnlyForDeploymentPostprocessing = 0;
		};
		34214C5D1D15A513006205EA /* Sources */ = {
			isa = PBXSourcesBuildPhase;
			buildActionMask = 2147483647;
			files = (
				34214C661D15A513006205EA /* WjyTestClassDemoTests.m in Sources */,
			);
			runOnlyForDeploymentPostprocessing = 0;
		};
		34214C681D15A513006205EA /* Sources */ = {
			isa = PBXSourcesBuildPhase;
			buildActionMask = 2147483647;
			files = (
				34214C711D15A513006205EA /* WjyTestClassDemoUITests.m in Sources */,
			);
			runOnlyForDeploymentPostprocessing = 0;
		};
/* End PBXSourcesBuildPhase section */

/* Begin PBXTargetDependency section */
		34214C631D15A513006205EA /* PBXTargetDependency */ = {
			isa = PBXTargetDependency;
			target = 34214C471D15A513006205EA /* WjyTestClassDemo */;
			targetProxy = 34214C621D15A513006205EA /* PBXContainerItemProxy */;
		};
		34214C6E1D15A513006205EA /* PBXTargetDependency */ = {
			isa = PBXTargetDependency;
			target = 34214C471D15A513006205EA /* WjyTestClassDemo */;
			targetProxy = 34214C6D1D15A513006205EA /* PBXContainerItemProxy */;
		};
/* End PBXTargetDependency section */

/* Begin PBXVariantGroup section */
		34214C541D15A513006205EA /* Main.storyboard */ = {
			isa = PBXVariantGroup;
			children = (
				34214C551D15A513006205EA /* Base */,
			);
			name = Main.storyboard;
			sourceTree = "<group>";
		};
		34214C591D15A513006205EA /* LaunchScreen.storyboard */ = {
			isa = PBXVariantGroup;
			children = (
				34214C5A1D15A513006205EA /* Base */,
			);
			name = LaunchScreen.storyboard;
			sourceTree = "<group>";
		};
/* End PBXVariantGroup section */

/* Begin XCBuildConfiguration section */
		34214C731D15A513006205EA /* Debug */ = {
			isa = XCBuildConfiguration;
			buildSettings = {
				ALWAYS_SEARCH_USER_PATHS = NO;
				CLANG_CXX_LANGUAGE_STANDARD = "gnu++0x";
				CLANG_CXX_LIBRARY = "libc++";
				CLANG_ENABLE_MODULES = YES;
				CLANG_ENABLE_OBJC_ARC = YES;
				CLANG_WARN_BOOL_CONVERSION = YES;
				CLANG_WARN_CONSTANT_CONVERSION = YES;
				CLANG_WARN_DIRECT_OBJC_ISA_USAGE = YES_ERROR;
				CLANG_WARN_EMPTY_BODY = YES;
				CLANG_WARN_ENUM_CONVERSION = YES;
				CLANG_WARN_INT_CONVERSION = YES;
				CLANG_WARN_OBJC_ROOT_CLASS = YES_ERROR;
				CLANG_WARN_UNREACHABLE_CODE = YES;
				CLANG_WARN__DUPLICATE_METHOD_MATCH = YES;
				"CODE_SIGN_IDENTITY[sdk=iphoneos*]" = "iPhone Developer";
				COPY_PHASE_STRIP = NO;
				DEBUG_INFORMATION_FORMAT = dwarf;
				ENABLE_STRICT_OBJC_MSGSEND = YES;
				ENABLE_TESTABILITY = YES;
				GCC_C_LANGUAGE_STANDARD = gnu99;
				GCC_DYNAMIC_NO_PIC = NO;
				GCC_NO_COMMON_BLOCKS = YES;
				GCC_OPTIMIZATION_LEVEL = 0;
				GCC_PREPROCESSOR_DEFINITIONS = (
					"DEBUG=1",
					"$(inherited)",
				);
				GCC_WARN_64_TO_32_BIT_CONVERSION = YES;
				GCC_WARN_ABOUT_RETURN_TYPE = YES_ERROR;
				GCC_WARN_UNDECLARED_SELECTOR = YES;
				GCC_WARN_UNINITIALIZED_AUTOS = YES_AGGRESSIVE;
				GCC_WARN_UNUSED_FUNCTION = YES;
				GCC_WARN_UNUSED_VARIABLE = YES;
				IPHONEOS_DEPLOYMENT_TARGET = 9.0;
				MTL_ENABLE_DEBUG_INFO = YES;
				ONLY_ACTIVE_ARCH = YES;
				SDKROOT = iphoneos;
			};
			name = Debug;
		};
		34214C741D15A513006205EA /* Release */ = {
			isa = XCBuildConfiguration;
			buildSettings = {
				ALWAYS_SEARCH_USER_PATHS = NO;
				CLANG_CXX_LANGUAGE_STANDARD = "gnu++0x";
				CLANG_CXX_LIBRARY = "libc++";
				CLANG_ENABLE_MODULES = YES;
				CLANG_ENABLE_OBJC_ARC = YES;
				CLANG_WARN_BOOL_CONVERSION = YES;
				CLANG_WARN_CONSTANT_CONVERSION = YES;
				CLANG_WARN_DIRECT_OBJC_ISA_USAGE = YES_ERROR;
				CLANG_WARN_EMPTY_BODY = YES;
				CLANG_WARN_ENUM_CONVERSION = YES;
				CLANG_WARN_INT_CONVERSION = YES;
				CLANG_WARN_OBJC_ROOT_CLASS = YES_ERROR;
				CLANG_WARN_UNREACHABLE_CODE = YES;
				CLANG_WARN__DUPLICATE_METHOD_MATCH = YES;
				"CODE_SIGN_IDENTITY[sdk=iphoneos*]" = "iPhone Developer";
				COPY_PHASE_STRIP = NO;
				DEBUG_INFORMATION_FORMAT = "dwarf-with-dsym";
				ENABLE_NS_ASSERTIONS = NO;
				ENABLE_STRICT_OBJC_MSGSEND = YES;
				GCC_C_LANGUAGE_STANDARD = gnu99;
				GCC_NO_COMMON_BLOCKS = YES;
				GCC_WARN_64_TO_32_BIT_CONVERSION = YES;
				GCC_WARN_ABOUT_RETURN_TYPE = YES_ERROR;
				GCC_WARN_UNDECLARED_SELECTOR = YES;
				GCC_WARN_UNINITIALIZED_AUTOS = YES_AGGRESSIVE;
				GCC_WARN_UNUSED_FUNCTION = YES;
				GCC_WARN_UNUSED_VARIABLE = YES;
				IPHONEOS_DEPLOYMENT_TARGET = 9.0;
				MTL_ENABLE_DEBUG_INFO = NO;
				SDKROOT = iphoneos;
				VALIDATE_PRODUCT = YES;
			};
			name = Release;
		};
		34214C761D15A513006205EA /* Debug */ = {
			isa = XCBuildConfiguration;
			baseConfigurationReference = 330EC01A3F5BBA605087B637 /* Pods.debug.xcconfig */;
			buildSettings = {
				ASSETCATALOG_COMPILER_APPICON_NAME = AppIcon;
				CODE_SIGN_IDENTITY = "iPhone Developer: xu shaoxiong (Q7ZH47H99W)";
				"CODE_SIGN_IDENTITY[sdk=iphoneos*]" = "iPhone Developer: xu shaoxiong (Q7ZH47H99W)";
				INFOPLIST_FILE = WjyTestClassDemo/Info.plist;
				IPHONEOS_DEPLOYMENT_TARGET = 7.0;
				LD_RUNPATH_SEARCH_PATHS = "$(inherited) @executable_path/Frameworks";
				PRODUCT_BUNDLE_IDENTIFIER = com.sm.WirelessSanMing;
				PRODUCT_NAME = "$(TARGET_NAME)";
				PROVISIONING_PROFILE = "dbce7694-4d21-492c-bb1b-be2874b98b58";
			};
			name = Debug;
		};
		34214C771D15A513006205EA /* Release */ = {
			isa = XCBuildConfiguration;
			baseConfigurationReference = 008F4F1679E2E541F92F5994 /* Pods.release.xcconfig */;
			buildSettings = {
				ASSETCATALOG_COMPILER_APPICON_NAME = AppIcon;
				CODE_SIGN_IDENTITY = "iPhone Developer: xu shaoxiong (Q7ZH47H99W)";
				"CODE_SIGN_IDENTITY[sdk=iphoneos*]" = "iPhone Developer: xu shaoxiong (Q7ZH47H99W)";
				INFOPLIST_FILE = WjyTestClassDemo/Info.plist;
				IPHONEOS_DEPLOYMENT_TARGET = 7.0;
				LD_RUNPATH_SEARCH_PATHS = "$(inherited) @executable_path/Frameworks";
				PRODUCT_BUNDLE_IDENTIFIER = com.sm.WirelessSanMing;
				PRODUCT_NAME = "$(TARGET_NAME)";
				PROVISIONING_PROFILE = "dbce7694-4d21-492c-bb1b-be2874b98b58";
			};
			name = Release;
		};
		34214C791D15A513006205EA /* Debug */ = {
			isa = XCBuildConfiguration;
			buildSettings = {
				BUNDLE_LOADER = "$(TEST_HOST)";
				INFOPLIST_FILE = WjyTestClassDemoTests/Info.plist;
				LD_RUNPATH_SEARCH_PATHS = "$(inherited) @executable_path/Frameworks @loader_path/Frameworks";
				PRODUCT_BUNDLE_IDENTIFIER = com.wjy.WjyTestClassDemoTests;
				PRODUCT_NAME = "$(TARGET_NAME)";
				TEST_HOST = "$(BUILT_PRODUCTS_DIR)/WjyTestClassDemo.app/WjyTestClassDemo";
			};
			name = Debug;
		};
		34214C7A1D15A513006205EA /* Release */ = {
			isa = XCBuildConfiguration;
			buildSettings = {
				BUNDLE_LOADER = "$(TEST_HOST)";
				INFOPLIST_FILE = WjyTestClassDemoTests/Info.plist;
				LD_RUNPATH_SEARCH_PATHS = "$(inherited) @executable_path/Frameworks @loader_path/Frameworks";
				PRODUCT_BUNDLE_IDENTIFIER = com.wjy.WjyTestClassDemoTests;
				PRODUCT_NAME = "$(TARGET_NAME)";
				TEST_HOST = "$(BUILT_PRODUCTS_DIR)/WjyTestClassDemo.app/WjyTestClassDemo";
			};
			name = Release;
		};
		34214C7C1D15A513006205EA /* Debug */ = {
			isa = XCBuildConfiguration;
			buildSettings = {
				INFOPLIST_FILE = WjyTestClassDemoUITests/Info.plist;
				LD_RUNPATH_SEARCH_PATHS = "$(inherited) @executable_path/Frameworks @loader_path/Frameworks";
				PRODUCT_BUNDLE_IDENTIFIER = com.wjy.WjyTestClassDemoUITests;
				PRODUCT_NAME = "$(TARGET_NAME)";
				TEST_TARGET_NAME = WjyTestClassDemo;
				USES_XCTRUNNER = YES;
			};
			name = Debug;
		};
		34214C7D1D15A513006205EA /* Release */ = {
			isa = XCBuildConfiguration;
			buildSettings = {
				INFOPLIST_FILE = WjyTestClassDemoUITests/Info.plist;
				LD_RUNPATH_SEARCH_PATHS = "$(inherited) @executable_path/Frameworks @loader_path/Frameworks";
				PRODUCT_BUNDLE_IDENTIFIER = com.wjy.WjyTestClassDemoUITests;
				PRODUCT_NAME = "$(TARGET_NAME)";
				TEST_TARGET_NAME = WjyTestClassDemo;
				USES_XCTRUNNER = YES;
			};
			name = Release;
		};
/* End XCBuildConfiguration section */

/* Begin XCConfigurationList section */
		34214C431D15A513006205EA /* Build configuration list for PBXProject "WjyTestClassDemo" */ = {
			isa = XCConfigurationList;
			buildConfigurations = (
				34214C731D15A513006205EA /* Debug */,
				34214C741D15A513006205EA /* Release */,
			);
			defaultConfigurationIsVisible = 0;
			defaultConfigurationName = Release;
		};
		34214C751D15A513006205EA /* Build configuration list for PBXNativeTarget "WjyTestClassDemo" */ = {
			isa = XCConfigurationList;
			buildConfigurations = (
				34214C761D15A513006205EA /* Debug */,
				34214C771D15A513006205EA /* Release */,
			);
			defaultConfigurationIsVisible = 0;
			defaultConfigurationName = Release;
		};
		34214C781D15A513006205EA /* Build configuration list for PBXNativeTarget "WjyTestClassDemoTests" */ = {
			isa = XCConfigurationList;
			buildConfigurations = (
				34214C791D15A513006205EA /* Debug */,
				34214C7A1D15A513006205EA /* Release */,
			);
			defaultConfigurationIsVisible = 0;
			defaultConfigurationName = Release;
		};
		34214C7B1D15A513006205EA /* Build configuration list for PBXNativeTarget "WjyTestClassDemoUITests" */ = {
			isa = XCConfigurationList;
			buildConfigurations = (
				34214C7C1D15A513006205EA /* Debug */,
				34214C7D1D15A513006205EA /* Release */,
			);
			defaultConfigurationIsVisible = 0;
			defaultConfigurationName = Release;
		};
/* End XCConfigurationList section */
	};
	rootObject = 34214C401D15A513006205EA /* Project object */;
}
